# This file is automatically @generated by Cargo.
# It is not intended for manual editing.
version = 3

[[package]]
name = "cranelift-entity"
version = "0.91.0"
source = "registry+https://github.com/rust-lang/crates.io-index"
checksum = "74385eb5e405b3562f0caa7bcc4ab9a93c7958dd5bcd0e910bffb7765eacd6fc"

[[package]]
name = "flak_c"
version = "0.1.0"
dependencies = [
 "relinks",
]

[[package]]
name = "flak_util"
version = "0.1.0"
dependencies = [
 "cranelift-entity",
]

[[package]]
name = "lazy_static"
version = "1.4.0"
source = "registry+https://github.com/rust-lang/crates.io-index"
checksum = "e2abad23fbc42b3700f2f279844dc832adb2b2eb069b2df918f455c4e18cc646"

[[package]]
name = "relinks"
version = "0.1.0"
dependencies = [
 "cranelift-entity",
 "flak_util",
 "lazy_static",
]
